// !$*UTF8*$!
{
	archiveVersion = 1;
	classes = {
	};
	objectVersion = 46;
	objects = {

/* Begin PBXBuildFile section */
		0412A24218C1F13500C07FD0 /* Foundation.framework in Frameworks */ = {isa = PBXBuildFile; fileRef = 0412A24118C1F13500C07FD0 /* Foundation.framework */; };
		0412A24418C1F13500C07FD0 /* CoreGraphics.framework in Frameworks */ = {isa = PBXBuildFile; fileRef = 0412A24318C1F13500C07FD0 /* CoreGraphics.framework */; };
		0412A24618C1F13500C07FD0 /* UIKit.framework in Frameworks */ = {isa = PBXBuildFile; fileRef = 0412A24518C1F13500C07FD0 /* UIKit.framework */; };
		0412A24C18C1F13500C07FD0 /* InfoPlist.strings in Resources */ = {isa = PBXBuildFile; fileRef = 0412A24A18C1F13500C07FD0 /* InfoPlist.strings */; };
		0412A24E18C1F13500C07FD0 /* main.m in Sources */ = {isa = PBXBuildFile; fileRef = 0412A24D18C1F13500C07FD0 /* main.m */; };
		0412A25218C1F13500C07FD0 /* MTAppDelegate.m in Sources */ = {isa = PBXBuildFile; fileRef = 0412A25118C1F13500C07FD0 /* MTAppDelegate.m */; };
		0412A25418C1F13500C07FD0 /* Images.xcassets in Resources */ = {isa = PBXBuildFile; fileRef = 0412A25318C1F13500C07FD0 /* Images.xcassets */; };
		0412A25B18C1F13600C07FD0 /* XCTest.framework in Frameworks */ = {isa = PBXBuildFile; fileRef = 0412A25A18C1F13600C07FD0 /* XCTest.framework */; };
		0412A25C18C1F13600C07FD0 /* Foundation.framework in Frameworks */ = {isa = PBXBuildFile; fileRef = 0412A24118C1F13500C07FD0 /* Foundation.framework */; };
		0412A25D18C1F13600C07FD0 /* UIKit.framework in Frameworks */ = {isa = PBXBuildFile; fileRef = 0412A24518C1F13500C07FD0 /* UIKit.framework */; };
		0412A26518C1F13600C07FD0 /* InfoPlist.strings in Resources */ = {isa = PBXBuildFile; fileRef = 0412A26318C1F13600C07FD0 /* InfoPlist.strings */; };
		0412A26718C1F13600C07FD0 /* Mr__TrusterTests.m in Sources */ = {isa = PBXBuildFile; fileRef = 0412A26618C1F13600C07FD0 /* Mr__TrusterTests.m */; };
		0412A27118C1F15A00C07FD0 /* QuartzCore.framework in Frameworks */ = {isa = PBXBuildFile; fileRef = 0412A27018C1F15A00C07FD0 /* QuartzCore.framework */; };
		0412A28A18C1F1BC00C07FD0 /* AQGridView.m in Sources */ = {isa = PBXBuildFile; fileRef = 0412A27618C1F1BC00C07FD0 /* AQGridView.m */; };
		0412A28B18C1F1BC00C07FD0 /* AQGridViewAnimatorItem.m in Sources */ = {isa = PBXBuildFile; fileRef = 0412A27818C1F1BC00C07FD0 /* AQGridViewAnimatorItem.m */; };
		0412A28C18C1F1BC00C07FD0 /* AQGridViewCell.m in Sources */ = {isa = PBXBuildFile; fileRef = 0412A27B18C1F1BC00C07FD0 /* AQGridViewCell.m */; };
		0412A28D18C1F1BC00C07FD0 /* AQGridViewController.m in Sources */ = {isa = PBXBuildFile; fileRef = 0412A27D18C1F1BC00C07FD0 /* AQGridViewController.m */; };
		0412A28E18C1F1BC00C07FD0 /* AQGridViewData.m in Sources */ = {isa = PBXBuildFile; fileRef = 0412A27F18C1F1BC00C07FD0 /* AQGridViewData.m */; };
		0412A28F18C1F1BC00C07FD0 /* AQGridViewUpdateInfo.m in Sources */ = {isa = PBXBuildFile; fileRef = 0412A28118C1F1BC00C07FD0 /* AQGridViewUpdateInfo.m */; };
		0412A29018C1F1BC00C07FD0 /* AQGridViewUpdateItem.m in Sources */ = {isa = PBXBuildFile; fileRef = 0412A28318C1F1BC00C07FD0 /* AQGridViewUpdateItem.m */; };
		0412A29118C1F1BC00C07FD0 /* NSIndexSet+AQIndexesOutsideSet.m in Sources */ = {isa = PBXBuildFile; fileRef = 0412A28518C1F1BC00C07FD0 /* NSIndexSet+AQIndexesOutsideSet.m */; };
		0412A29218C1F1BC00C07FD0 /* NSIndexSet+AQIsSetContiguous.m in Sources */ = {isa = PBXBuildFile; fileRef = 0412A28718C1F1BC00C07FD0 /* NSIndexSet+AQIsSetContiguous.m */; };
		0412A29318C1F1BC00C07FD0 /* UIColor+AQGridView.m in Sources */ = {isa = PBXBuildFile; fileRef = 0412A28918C1F1BC00C07FD0 /* UIColor+AQGridView.m */; };
		0412A29718C1F21100C07FD0 /* MTMainViewController.m in Sources */ = {isa = PBXBuildFile; fileRef = 0412A29518C1F21100C07FD0 /* MTMainViewController.m */; };
		0412A29818C1F21100C07FD0 /* MTMainViewController.xib in Resources */ = {isa = PBXBuildFile; fileRef = 0412A29618C1F21100C07FD0 /* MTMainViewController.xib */; };
		0412A29B18C1F53900C07FD0 /* MTRecord.m in Sources */ = {isa = PBXBuildFile; fileRef = 0412A29A18C1F53900C07FD0 /* MTRecord.m */; };
		0412A29F18C2127E00C07FD0 /* MTAddViewController.m in Sources */ = {isa = PBXBuildFile; fileRef = 0412A29D18C2127E00C07FD0 /* MTAddViewController.m */; };
		0412A2A018C2127E00C07FD0 /* MTAddViewController.xib in Resources */ = {isa = PBXBuildFile; fileRef = 0412A29E18C2127E00C07FD0 /* MTAddViewController.xib */; };
		0412A2A218C2136C00C07FD0 /* MTCell.xib in Resources */ = {isa = PBXBuildFile; fileRef = 0412A2A118C2136C00C07FD0 /* MTCell.xib */; };
		0412A2A518C216AA00C07FD0 /* MTCircleView.m in Sources */ = {isa = PBXBuildFile; fileRef = 0412A2A418C216AA00C07FD0 /* MTCircleView.m */; };
		0412A2A818C2218300C07FD0 /* MTCell.m in Sources */ = {isa = PBXBuildFile; fileRef = 0412A2A718C2218300C07FD0 /* MTCell.m */; };
		0412A2B318C242AB00C07FD0 /* deb_img1.jpg in Resources */ = {isa = PBXBuildFile; fileRef = 0412A2A918C242AB00C07FD0 /* deb_img1.jpg */; };
		0412A2B418C242AB00C07FD0 /* deb_img2.jpg in Resources */ = {isa = PBXBuildFile; fileRef = 0412A2AA18C242AB00C07FD0 /* deb_img2.jpg */; };
		0412A2B518C242AB00C07FD0 /* deb_img3.jpg in Resources */ = {isa = PBXBuildFile; fileRef = 0412A2AB18C242AB00C07FD0 /* deb_img3.jpg */; };
		0412A2B618C242AB00C07FD0 /* deb_img4.jpg in Resources */ = {isa = PBXBuildFile; fileRef = 0412A2AC18C242AB00C07FD0 /* deb_img4.jpg */; };
		0412A2B718C242AB00C07FD0 /* deb_img5.jpg in Resources */ = {isa = PBXBuildFile; fileRef = 0412A2AD18C242AB00C07FD0 /* deb_img5.jpg */; };
		0412A2B818C242AB00C07FD0 /* item_img1.jpg in Resources */ = {isa = PBXBuildFile; fileRef = 0412A2AE18C242AB00C07FD0 /* item_img1.jpg */; };
		0412A2B918C242AB00C07FD0 /* item_img2.jpg in Resources */ = {isa = PBXBuildFile; fileRef = 0412A2AF18C242AB00C07FD0 /* item_img2.jpg */; };
		0412A2BA18C242AB00C07FD0 /* item_img3.jpg in Resources */ = {isa = PBXBuildFile; fileRef = 0412A2B018C242AB00C07FD0 /* item_img3.jpg */; };
		0412A2BB18C242AB00C07FD0 /* item_img4.jpg in Resources */ = {isa = PBXBuildFile; fileRef = 0412A2B118C242AB00C07FD0 /* item_img4.jpg */; };
		0412A2BC18C242AB00C07FD0 /* item_img5.jpg in Resources */ = {isa = PBXBuildFile; fileRef = 0412A2B218C242AB00C07FD0 /* item_img5.jpg */; };
		0412A2C018C2450F00C07FD0 /* MTDetailRecordView.xib in Resources */ = {isa = PBXBuildFile; fileRef = 0412A2BD18C2450F00C07FD0 /* MTDetailRecordView.xib */; };
		0412A2C118C2450F00C07FD0 /* MTDetailRecordViewController.m in Sources */ = {isa = PBXBuildFile; fileRef = 0412A2BF18C2450F00C07FD0 /* MTDetailRecordViewController.m */; };
/* End PBXBuildFile section */

/* Begin PBXContainerItemProxy section */
		0412A25E18C1F13600C07FD0 /* PBXContainerItemProxy */ = {
			isa = PBXContainerItemProxy;
			containerPortal = 0412A23618C1F13500C07FD0 /* Project object */;
			proxyType = 1;
			remoteGlobalIDString = 0412A23D18C1F13500C07FD0;
			remoteInfo = "Mr. Truster";
		};
/* End PBXContainerItemProxy section */

/* Begin PBXFileReference section */
		0412A23E18C1F13500C07FD0 /* Mr. Truster.app */ = {isa = PBXFileReference; explicitFileType = wrapper.application; includeInIndex = 0; path = "Mr. Truster.app"; sourceTree = BUILT_PRODUCTS_DIR; };
		0412A24118C1F13500C07FD0 /* Foundation.framework */ = {isa = PBXFileReference; lastKnownFileType = wrapper.framework; name = Foundation.framework; path = System/Library/Frameworks/Foundation.framework; sourceTree = SDKROOT; };
		0412A24318C1F13500C07FD0 /* CoreGraphics.framework */ = {isa = PBXFileReference; lastKnownFileType = wrapper.framework; name = CoreGraphics.framework; path = System/Library/Frameworks/CoreGraphics.framework; sourceTree = SDKROOT; };
		0412A24518C1F13500C07FD0 /* UIKit.framework */ = {isa = PBXFileReference; lastKnownFileType = wrapper.framework; name = UIKit.framework; path = System/Library/Frameworks/UIKit.framework; sourceTree = SDKROOT; };
		0412A24918C1F13500C07FD0 /* Mr. Truster-Info.plist */ = {isa = PBXFileReference; lastKnownFileType = text.plist.xml; path = "Mr. Truster-Info.plist"; sourceTree = "<group>"; };
		0412A24B18C1F13500C07FD0 /* en */ = {isa = PBXFileReference; lastKnownFileType = text.plist.strings; name = en; path = en.lproj/InfoPlist.strings; sourceTree = "<group>"; };
		0412A24D18C1F13500C07FD0 /* main.m */ = {isa = PBXFileReference; lastKnownFileType = sourcecode.c.objc; path = main.m; sourceTree = "<group>"; };
		0412A24F18C1F13500C07FD0 /* Mr. Truster-Prefix.pch */ = {isa = PBXFileReference; lastKnownFileType = sourcecode.c.h; path = "Mr. Truster-Prefix.pch"; sourceTree = "<group>"; };
		0412A25018C1F13500C07FD0 /* MTAppDelegate.h */ = {isa = PBXFileReference; lastKnownFileType = sourcecode.c.h; path = MTAppDelegate.h; sourceTree = "<group>"; };
		0412A25118C1F13500C07FD0 /* MTAppDelegate.m */ = {isa = PBXFileReference; lastKnownFileType = sourcecode.c.objc; path = MTAppDelegate.m; sourceTree = "<group>"; };
		0412A25318C1F13500C07FD0 /* Images.xcassets */ = {isa = PBXFileReference; lastKnownFileType = folder.assetcatalog; path = Images.xcassets; sourceTree = "<group>"; };
		0412A25918C1F13600C07FD0 /* Mr. TrusterTests.xctest */ = {isa = PBXFileReference; explicitFileType = wrapper.cfbundle; includeInIndex = 0; path = "Mr. TrusterTests.xctest"; sourceTree = BUILT_PRODUCTS_DIR; };
		0412A25A18C1F13600C07FD0 /* XCTest.framework */ = {isa = PBXFileReference; lastKnownFileType = wrapper.framework; name = XCTest.framework; path = Library/Frameworks/XCTest.framework; sourceTree = DEVELOPER_DIR; };
		0412A26218C1F13600C07FD0 /* Mr. TrusterTests-Info.plist */ = {isa = PBXFileReference; lastKnownFileType = text.plist.xml; path = "Mr. TrusterTests-Info.plist"; sourceTree = "<group>"; };
		0412A26418C1F13600C07FD0 /* en */ = {isa = PBXFileReference; lastKnownFileType = text.plist.strings; name = en; path = en.lproj/InfoPlist.strings; sourceTree = "<group>"; };
		0412A26618C1F13600C07FD0 /* Mr__TrusterTests.m */ = {isa = PBXFileReference; lastKnownFileType = sourcecode.c.objc; path = Mr__TrusterTests.m; sourceTree = "<group>"; };
		0412A27018C1F15A00C07FD0 /* QuartzCore.framework */ = {isa = PBXFileReference; lastKnownFileType = wrapper.framework; name = QuartzCore.framework; path = System/Library/Frameworks/QuartzCore.framework; sourceTree = SDKROOT; };
		0412A27318C1F1BC00C07FD0 /* AQGridView+CellLayout.h */ = {isa = PBXFileReference; fileEncoding = 4; lastKnownFileType = sourcecode.c.h; path = "AQGridView+CellLayout.h"; sourceTree = "<group>"; };
		0412A27418C1F1BC00C07FD0 /* AQGridView+CellLocationDelegation.h */ = {isa = PBXFileReference; fileEncoding = 4; lastKnownFileType = sourcecode.c.h; path = "AQGridView+CellLocationDelegation.h"; sourceTree = "<group>"; };
		0412A27518C1F1BC00C07FD0 /* AQGridView.h */ = {isa = PBXFileReference; fileEncoding = 4; lastKnownFileType = sourcecode.c.h; path = AQGridView.h; sourceTree = "<group>"; };
		0412A27618C1F1BC00C07FD0 /* AQGridView.m */ = {isa = PBXFileReference; fileEncoding = 4; lastKnownFileType = sourcecode.c.objc; path = AQGridView.m; sourceTree = "<group>"; };
		0412A27718C1F1BC00C07FD0 /* AQGridViewAnimatorItem.h */ = {isa = PBXFileReference; fileEncoding = 4; lastKnownFileType = sourcecode.c.h; path = AQGridViewAnimatorItem.h; sourceTree = "<group>"; };
		0412A27818C1F1BC00C07FD0 /* AQGridViewAnimatorItem.m */ = {isa = PBXFileReference; fileEncoding = 4; lastKnownFileType = sourcecode.c.objc; path = AQGridViewAnimatorItem.m; sourceTree = "<group>"; };
		0412A27918C1F1BC00C07FD0 /* AQGridViewCell+AQGridViewCellPrivate.h */ = {isa = PBXFileReference; fileEncoding = 4; lastKnownFileType = sourcecode.c.h; path = "AQGridViewCell+AQGridViewCellPrivate.h"; sourceTree = "<group>"; };
		0412A27A18C1F1BC00C07FD0 /* AQGridViewCell.h */ = {isa = PBXFileReference; fileEncoding = 4; lastKnownFileType = sourcecode.c.h; path = AQGridViewCell.h; sourceTree = "<group>"; };
		0412A27B18C1F1BC00C07FD0 /* AQGridViewCell.m */ = {isa = PBXFileReference; fileEncoding = 4; lastKnownFileType = sourcecode.c.objc; path = AQGridViewCell.m; sourceTree = "<group>"; };
		0412A27C18C1F1BC00C07FD0 /* AQGridViewController.h */ = {isa = PBXFileReference; fileEncoding = 4; lastKnownFileType = sourcecode.c.h; path = AQGridViewController.h; sourceTree = "<group>"; };
		0412A27D18C1F1BC00C07FD0 /* AQGridViewController.m */ = {isa = PBXFileReference; fileEncoding = 4; lastKnownFileType = sourcecode.c.objc; path = AQGridViewController.m; sourceTree = "<group>"; };
		0412A27E18C1F1BC00C07FD0 /* AQGridViewData.h */ = {isa = PBXFileReference; fileEncoding = 4; lastKnownFileType = sourcecode.c.h; path = AQGridViewData.h; sourceTree = "<group>"; };
		0412A27F18C1F1BC00C07FD0 /* AQGridViewData.m */ = {isa = PBXFileReference; fileEncoding = 4; lastKnownFileType = sourcecode.c.objc; path = AQGridViewData.m; sourceTree = "<group>"; };
		0412A28018C1F1BC00C07FD0 /* AQGridViewUpdateInfo.h */ = {isa = PBXFileReference; fileEncoding = 4; lastKnownFileType = sourcecode.c.h; path = AQGridViewUpdateInfo.h; sourceTree = "<group>"; };
		0412A28118C1F1BC00C07FD0 /* AQGridViewUpdateInfo.m */ = {isa = PBXFileReference; fileEncoding = 4; lastKnownFileType = sourcecode.c.objc; path = AQGridViewUpdateInfo.m; sourceTree = "<group>"; };
		0412A28218C1F1BC00C07FD0 /* AQGridViewUpdateItem.h */ = {isa = PBXFileReference; fileEncoding = 4; lastKnownFileType = sourcecode.c.h; path = AQGridViewUpdateItem.h; sourceTree = "<group>"; };
		0412A28318C1F1BC00C07FD0 /* AQGridViewUpdateItem.m */ = {isa = PBXFileReference; fileEncoding = 4; lastKnownFileType = sourcecode.c.objc; path = AQGridViewUpdateItem.m; sourceTree = "<group>"; };
		0412A28418C1F1BC00C07FD0 /* NSIndexSet+AQIndexesOutsideSet.h */ = {isa = PBXFileReference; fileEncoding = 4; lastKnownFileType = sourcecode.c.h; path = "NSIndexSet+AQIndexesOutsideSet.h"; sourceTree = "<group>"; };
		0412A28518C1F1BC00C07FD0 /* NSIndexSet+AQIndexesOutsideSet.m */ = {isa = PBXFileReference; fileEncoding = 4; lastKnownFileType = sourcecode.c.objc; path = "NSIndexSet+AQIndexesOutsideSet.m"; sourceTree = "<group>"; };
		0412A28618C1F1BC00C07FD0 /* NSIndexSet+AQIsSetContiguous.h */ = {isa = PBXFileReference; fileEncoding = 4; lastKnownFileType = sourcecode.c.h; path = "NSIndexSet+AQIsSetContiguous.h"; sourceTree = "<group>"; };
		0412A28718C1F1BC00C07FD0 /* NSIndexSet+AQIsSetContiguous.m */ = {isa = PBXFileReference; fileEncoding = 4; lastKnownFileType = sourcecode.c.objc; path = "NSIndexSet+AQIsSetContiguous.m"; sourceTree = "<group>"; };
		0412A28818C1F1BC00C07FD0 /* UIColor+AQGridView.h */ = {isa = PBXFileReference; fileEncoding = 4; lastKnownFileType = sourcecode.c.h; path = "UIColor+AQGridView.h"; sourceTree = "<group>"; };
		0412A28918C1F1BC00C07FD0 /* UIColor+AQGridView.m */ = {isa = PBXFileReference; fileEncoding = 4; lastKnownFileType = sourcecode.c.objc; path = "UIColor+AQGridView.m"; sourceTree = "<group>"; };
		0412A29418C1F21100C07FD0 /* MTMainViewController.h */ = {isa = PBXFileReference; fileEncoding = 4; lastKnownFileType = sourcecode.c.h; path = MTMainViewController.h; sourceTree = "<group>"; };
		0412A29518C1F21100C07FD0 /* MTMainViewController.m */ = {isa = PBXFileReference; fileEncoding = 4; lastKnownFileType = sourcecode.c.objc; path = MTMainViewController.m; sourceTree = "<group>"; };
		0412A29618C1F21100C07FD0 /* MTMainViewController.xib */ = {isa = PBXFileReference; fileEncoding = 4; lastKnownFileType = file.xib; path = MTMainViewController.xib; sourceTree = "<group>"; };
		0412A29918C1F53900C07FD0 /* MTRecord.h */ = {isa = PBXFileReference; fileEncoding = 4; lastKnownFileType = sourcecode.c.h; path = MTRecord.h; sourceTree = "<group>"; };
		0412A29A18C1F53900C07FD0 /* MTRecord.m */ = {isa = PBXFileReference; fileEncoding = 4; lastKnownFileType = sourcecode.c.objc; path = MTRecord.m; sourceTree = "<group>"; };
		0412A29C18C2127E00C07FD0 /* MTAddViewController.h */ = {isa = PBXFileReference; fileEncoding = 4; lastKnownFileType = sourcecode.c.h; path = MTAddViewController.h; sourceTree = "<group>"; };
		0412A29D18C2127E00C07FD0 /* MTAddViewController.m */ = {isa = PBXFileReference; fileEncoding = 4; lastKnownFileType = sourcecode.c.objc; path = MTAddViewController.m; sourceTree = "<group>"; };
		0412A29E18C2127E00C07FD0 /* MTAddViewController.xib */ = {isa = PBXFileReference; fileEncoding = 4; lastKnownFileType = file.xib; path = MTAddViewController.xib; sourceTree = "<group>"; };
		0412A2A118C2136C00C07FD0 /* MTCell.xib */ = {isa = PBXFileReference; fileEncoding = 4; lastKnownFileType = file.xib; path = MTCell.xib; sourceTree = "<group>"; };
		0412A2A318C216AA00C07FD0 /* MTCircleView.h */ = {isa = PBXFileReference; fileEncoding = 4; lastKnownFileType = sourcecode.c.h; name = MTCircleView.h; path = ../MTCircleView.h; sourceTree = "<group>"; };
		0412A2A418C216AA00C07FD0 /* MTCircleView.m */ = {isa = PBXFileReference; fileEncoding = 4; lastKnownFileType = sourcecode.c.objc; name = MTCircleView.m; path = ../MTCircleView.m; sourceTree = "<group>"; };
		0412A2A618C2218300C07FD0 /* MTCell.h */ = {isa = PBXFileReference; fileEncoding = 4; lastKnownFileType = sourcecode.c.h; path = MTCell.h; sourceTree = "<group>"; };
		0412A2A718C2218300C07FD0 /* MTCell.m */ = {isa = PBXFileReference; fileEncoding = 4; lastKnownFileType = sourcecode.c.objc; path = MTCell.m; sourceTree = "<group>"; };
		0412A2A918C242AB00C07FD0 /* deb_img1.jpg */ = {isa = PBXFileReference; lastKnownFileType = image.jpeg; path = deb_img1.jpg; sourceTree = "<group>"; };
		0412A2AA18C242AB00C07FD0 /* deb_img2.jpg */ = {isa = PBXFileReference; lastKnownFileType = image.jpeg; path = deb_img2.jpg; sourceTree = "<group>"; };
		0412A2AB18C242AB00C07FD0 /* deb_img3.jpg */ = {isa = PBXFileReference; lastKnownFileType = image.jpeg; path = deb_img3.jpg; sourceTree = "<group>"; };
		0412A2AC18C242AB00C07FD0 /* deb_img4.jpg */ = {isa = PBXFileReference; lastKnownFileType = image.jpeg; path = deb_img4.jpg; sourceTree = "<group>"; };
		0412A2AD18C242AB00C07FD0 /* deb_img5.jpg */ = {isa = PBXFileReference; lastKnownFileType = image.jpeg; path = deb_img5.jpg; sourceTree = "<group>"; };
		0412A2AE18C242AB00C07FD0 /* item_img1.jpg */ = {isa = PBXFileReference; lastKnownFileType = image.jpeg; path = item_img1.jpg; sourceTree = "<group>"; };
		0412A2AF18C242AB00C07FD0 /* item_img2.jpg */ = {isa = PBXFileReference; lastKnownFileType = image.jpeg; path = item_img2.jpg; sourceTree = "<group>"; };
		0412A2B018C242AB00C07FD0 /* item_img3.jpg */ = {isa = PBXFileReference; lastKnownFileType = image.jpeg; path = item_img3.jpg; sourceTree = "<group>"; };
		0412A2B118C242AB00C07FD0 /* item_img4.jpg */ = {isa = PBXFileReference; lastKnownFileType = image.jpeg; path = item_img4.jpg; sourceTree = "<group>"; };
		0412A2B218C242AB00C07FD0 /* item_img5.jpg */ = {isa = PBXFileReference; lastKnownFileType = image.jpeg; path = item_img5.jpg; sourceTree = "<group>"; };
		0412A2BD18C2450F00C07FD0 /* MTDetailRecordView.xib */ = {isa = PBXFileReference; fileEncoding = 4; lastKnownFileType = file.xib; path = MTDetailRecordView.xib; sourceTree = "<group>"; };
		0412A2BE18C2450F00C07FD0 /* MTDetailRecordViewController.h */ = {isa = PBXFileReference; fileEncoding = 4; lastKnownFileType = sourcecode.c.h; path = MTDetailRecordViewController.h; sourceTree = "<group>"; };
		0412A2BF18C2450F00C07FD0 /* MTDetailRecordViewController.m */ = {isa = PBXFileReference; fileEncoding = 4; lastKnownFileType = sourcecode.c.objc; path = MTDetailRecordViewController.m; sourceTree = "<group>"; };
/* End PBXFileReference section */

/* Begin PBXFrameworksBuildPhase section */
		0412A23B18C1F13500C07FD0 /* Frameworks */ = {
			isa = PBXFrameworksBuildPhase;
			buildActionMask = 2147483647;
			files = (
				0412A27118C1F15A00C07FD0 /* QuartzCore.framework in Frameworks */,
				0412A24418C1F13500C07FD0 /* CoreGraphics.framework in Frameworks */,
				0412A24618C1F13500C07FD0 /* UIKit.framework in Frameworks */,
				0412A24218C1F13500C07FD0 /* Foundation.framework in Frameworks */,
			);
			runOnlyForDeploymentPostprocessing = 0;
		};
		0412A25618C1F13600C07FD0 /* Frameworks */ = {
			isa = PBXFrameworksBuildPhase;
			buildActionMask = 2147483647;
			files = (
				0412A25B18C1F13600C07FD0 /* XCTest.framework in Frameworks */,
				0412A25D18C1F13600C07FD0 /* UIKit.framework in Frameworks */,
				0412A25C18C1F13600C07FD0 /* Foundation.framework in Frameworks */,
			);
			runOnlyForDeploymentPostprocessing = 0;
		};
/* End PBXFrameworksBuildPhase section */

/* Begin PBXGroup section */
		0412A23518C1F13500C07FD0 = {
			isa = PBXGroup;
			children = (
				09E25E4018C22008001CEFB1 /* Resources */,
				0412A24718C1F13500C07FD0 /* Mr. Truster */,
				0412A26018C1F13600C07FD0 /* Mr. TrusterTests */,
				0412A24018C1F13500C07FD0 /* Frameworks */,
				0412A23F18C1F13500C07FD0 /* Products */,
			);
			sourceTree = "<group>";
		};
		0412A23F18C1F13500C07FD0 /* Products */ = {
			isa = PBXGroup;
			children = (
				0412A23E18C1F13500C07FD0 /* Mr. Truster.app */,
				0412A25918C1F13600C07FD0 /* Mr. TrusterTests.xctest */,
			);
			name = Products;
			sourceTree = "<group>";
		};
		0412A24018C1F13500C07FD0 /* Frameworks */ = {
			isa = PBXGroup;
			children = (
				0412A27018C1F15A00C07FD0 /* QuartzCore.framework */,
				0412A24118C1F13500C07FD0 /* Foundation.framework */,
				0412A24318C1F13500C07FD0 /* CoreGraphics.framework */,
				0412A24518C1F13500C07FD0 /* UIKit.framework */,
				0412A25A18C1F13600C07FD0 /* XCTest.framework */,
			);
			name = Frameworks;
			sourceTree = "<group>";
		};
		0412A24718C1F13500C07FD0 /* Mr. Truster */ = {
			isa = PBXGroup;
			children = (
				0412A2BD18C2450F00C07FD0 /* MTDetailRecordView.xib */,
				0412A2BE18C2450F00C07FD0 /* MTDetailRecordViewController.h */,
				0412A2BF18C2450F00C07FD0 /* MTDetailRecordViewController.m */,
				0412A29918C1F53900C07FD0 /* MTRecord.h */,
				0412A29A18C1F53900C07FD0 /* MTRecord.m */,
				0412A25018C1F13500C07FD0 /* MTAppDelegate.h */,
				0412A25118C1F13500C07FD0 /* MTAppDelegate.m */,
				0412A29C18C2127E00C07FD0 /* MTAddViewController.h */,
				0412A29D18C2127E00C07FD0 /* MTAddViewController.m */,
				0412A29E18C2127E00C07FD0 /* MTAddViewController.xib */,
				0412A29418C1F21100C07FD0 /* MTMainViewController.h */,
				0412A29518C1F21100C07FD0 /* MTMainViewController.m */,
				0412A29618C1F21100C07FD0 /* MTMainViewController.xib */,
				0412A2A118C2136C00C07FD0 /* MTCell.xib */,
				0412A2A618C2218300C07FD0 /* MTCell.h */,
				0412A2A718C2218300C07FD0 /* MTCell.m */,
				0412A2A318C216AA00C07FD0 /* MTCircleView.h */,
				0412A2A418C216AA00C07FD0 /* MTCircleView.m */,
				0412A27218C1F1BC00C07FD0 /* AQGrid */,
				0412A25318C1F13500C07FD0 /* Images.xcassets */,
				0412A24818C1F13500C07FD0 /* Supporting Files */,
			);
			path = "Mr. Truster";
			sourceTree = "<group>";
		};
		0412A24818C1F13500C07FD0 /* Supporting Files */ = {
			isa = PBXGroup;
			children = (
				0412A24918C1F13500C07FD0 /* Mr. Truster-Info.plist */,
				0412A24A18C1F13500C07FD0 /* InfoPlist.strings */,
				0412A24D18C1F13500C07FD0 /* main.m */,
				0412A24F18C1F13500C07FD0 /* Mr. Truster-Prefix.pch */,
			);
			name = "Supporting Files";
			sourceTree = "<group>";
		};
		0412A26018C1F13600C07FD0 /* Mr. TrusterTests */ = {
			isa = PBXGroup;
			children = (
				0412A26618C1F13600C07FD0 /* Mr__TrusterTests.m */,
				0412A26118C1F13600C07FD0 /* Supporting Files */,
			);
			path = "Mr. TrusterTests";
			sourceTree = "<group>";
		};
		0412A26118C1F13600C07FD0 /* Supporting Files */ = {
			isa = PBXGroup;
			children = (
				0412A26218C1F13600C07FD0 /* Mr. TrusterTests-Info.plist */,
				0412A26318C1F13600C07FD0 /* InfoPlist.strings */,
			);
			name = "Supporting Files";
			sourceTree = "<group>";
		};
		0412A27218C1F1BC00C07FD0 /* AQGrid */ = {
			isa = PBXGroup;
			children = (
				0412A27318C1F1BC00C07FD0 /* AQGridView+CellLayout.h */,
				0412A27418C1F1BC00C07FD0 /* AQGridView+CellLocationDelegation.h */,
				0412A27518C1F1BC00C07FD0 /* AQGridView.h */,
				0412A27618C1F1BC00C07FD0 /* AQGridView.m */,
				0412A27718C1F1BC00C07FD0 /* AQGridViewAnimatorItem.h */,
				0412A27818C1F1BC00C07FD0 /* AQGridViewAnimatorItem.m */,
				0412A27918C1F1BC00C07FD0 /* AQGridViewCell+AQGridViewCellPrivate.h */,
				0412A27A18C1F1BC00C07FD0 /* AQGridViewCell.h */,
				0412A27B18C1F1BC00C07FD0 /* AQGridViewCell.m */,
				0412A27C18C1F1BC00C07FD0 /* AQGridViewController.h */,
				0412A27D18C1F1BC00C07FD0 /* AQGridViewController.m */,
				0412A27E18C1F1BC00C07FD0 /* AQGridViewData.h */,
				0412A27F18C1F1BC00C07FD0 /* AQGridViewData.m */,
				0412A28018C1F1BC00C07FD0 /* AQGridViewUpdateInfo.h */,
				0412A28118C1F1BC00C07FD0 /* AQGridViewUpdateInfo.m */,
				0412A28218C1F1BC00C07FD0 /* AQGridViewUpdateItem.h */,
				0412A28318C1F1BC00C07FD0 /* AQGridViewUpdateItem.m */,
				0412A28418C1F1BC00C07FD0 /* NSIndexSet+AQIndexesOutsideSet.h */,
				0412A28518C1F1BC00C07FD0 /* NSIndexSet+AQIndexesOutsideSet.m */,
				0412A28618C1F1BC00C07FD0 /* NSIndexSet+AQIsSetContiguous.h */,
				0412A28718C1F1BC00C07FD0 /* NSIndexSet+AQIsSetContiguous.m */,
				0412A28818C1F1BC00C07FD0 /* UIColor+AQGridView.h */,
				0412A28918C1F1BC00C07FD0 /* UIColor+AQGridView.m */,
			);
			name = AQGrid;
			path = Classes;
			sourceTree = "<group>";
		};
		09E25E4018C22008001CEFB1 /* Resources */ = {
			isa = PBXGroup;
			children = (
				0412A2A918C242AB00C07FD0 /* deb_img1.jpg */,
				0412A2AA18C242AB00C07FD0 /* deb_img2.jpg */,
				0412A2AB18C242AB00C07FD0 /* deb_img3.jpg */,
				0412A2AC18C242AB00C07FD0 /* deb_img4.jpg */,
				0412A2AD18C242AB00C07FD0 /* deb_img5.jpg */,
				0412A2AE18C242AB00C07FD0 /* item_img1.jpg */,
				0412A2AF18C242AB00C07FD0 /* item_img2.jpg */,
				0412A2B018C242AB00C07FD0 /* item_img3.jpg */,
				0412A2B118C242AB00C07FD0 /* item_img4.jpg */,
				0412A2B218C242AB00C07FD0 /* item_img5.jpg */,
			);
			name = Resources;
			sourceTree = "<group>";
		};
/* End PBXGroup section */

/* Begin PBXNativeTarget section */
		0412A23D18C1F13500C07FD0 /* Mr. Truster */ = {
			isa = PBXNativeTarget;
			buildConfigurationList = 0412A26A18C1F13600C07FD0 /* Build configuration list for PBXNativeTarget "Mr. Truster" */;
			buildPhases = (
				0412A23A18C1F13500C07FD0 /* Sources */,
				0412A23B18C1F13500C07FD0 /* Frameworks */,
				0412A23C18C1F13500C07FD0 /* Resources */,
			);
			buildRules = (
			);
			dependencies = (
			);
			name = "Mr. Truster";
			productName = "Mr. Truster";
			productReference = 0412A23E18C1F13500C07FD0 /* Mr. Truster.app */;
			productType = "com.apple.product-type.application";
		};
		0412A25818C1F13600C07FD0 /* Mr. TrusterTests */ = {
			isa = PBXNativeTarget;
			buildConfigurationList = 0412A26D18C1F13600C07FD0 /* Build configuration list for PBXNativeTarget "Mr. TrusterTests" */;
			buildPhases = (
				0412A25518C1F13600C07FD0 /* Sources */,
				0412A25618C1F13600C07FD0 /* Frameworks */,
				0412A25718C1F13600C07FD0 /* Resources */,
			);
			buildRules = (
			);
			dependencies = (
				0412A25F18C1F13600C07FD0 /* PBXTargetDependency */,
			);
			name = "Mr. TrusterTests";
			productName = "Mr. TrusterTests";
			productReference = 0412A25918C1F13600C07FD0 /* Mr. TrusterTests.xctest */;
			productType = "com.apple.product-type.bundle.unit-test";
		};
/* End PBXNativeTarget section */

/* Begin PBXProject section */
		0412A23618C1F13500C07FD0 /* Project object */ = {
			isa = PBXProject;
			attributes = {
				CLASSPREFIX = MT;
				LastUpgradeCheck = 0500;
				ORGANIZATIONNAME = redbrush;
				TargetAttributes = {
					0412A25818C1F13600C07FD0 = {
						TestTargetID = 0412A23D18C1F13500C07FD0;
					};
				};
			};
			buildConfigurationList = 0412A23918C1F13500C07FD0 /* Build configuration list for PBXProject "Mr. Truster" */;
			compatibilityVersion = "Xcode 3.2";
			developmentRegion = English;
			hasScannedForEncodings = 0;
			knownRegions = (
				en,
			);
			mainGroup = 0412A23518C1F13500C07FD0;
			productRefGroup = 0412A23F18C1F13500C07FD0 /* Products */;
			projectDirPath = "";
			projectRoot = "";
			targets = (
				0412A23D18C1F13500C07FD0 /* Mr. Truster */,
				0412A25818C1F13600C07FD0 /* Mr. TrusterTests */,
			);
		};
/* End PBXProject section */

/* Begin PBXResourcesBuildPhase section */
		0412A23C18C1F13500C07FD0 /* Resources */ = {
			isa = PBXResourcesBuildPhase;
			buildActionMask = 2147483647;
			files = (
				0412A2B418C242AB00C07FD0 /* deb_img2.jpg in Resources */,
				0412A29818C1F21100C07FD0 /* MTMainViewController.xib in Resources */,
				0412A2B318C242AB00C07FD0 /* deb_img1.jpg in Resources */,
				0412A2A218C2136C00C07FD0 /* MTCell.xib in Resources */,
				0412A2B818C242AB00C07FD0 /* item_img1.jpg in Resources */,
				0412A2C018C2450F00C07FD0 /* MTDetailRecordView.xib in Resources */,
				0412A2B918C242AB00C07FD0 /* item_img2.jpg in Resources */,
				0412A2A018C2127E00C07FD0 /* MTAddViewController.xib in Resources */,
				0412A2BA18C242AB00C07FD0 /* item_img3.jpg in Resources */,
				0412A2B718C242AB00C07FD0 /* deb_img5.jpg in Resources */,
				0412A2B518C242AB00C07FD0 /* deb_img3.jpg in Resources */,
				0412A24C18C1F13500C07FD0 /* InfoPlist.strings in Resources */,
				0412A2BC18C242AB00C07FD0 /* item_img5.jpg in Resources */,
				0412A2B618C242AB00C07FD0 /* deb_img4.jpg in Resources */,
				0412A25418C1F13500C07FD0 /* Images.xcassets in Resources */,
				0412A2BB18C242AB00C07FD0 /* item_img4.jpg in Resources */,
			);
			runOnlyForDeploymentPostprocessing = 0;
		};
		0412A25718C1F13600C07FD0 /* Resources */ = {
			isa = PBXResourcesBuildPhase;
			buildActionMask = 2147483647;
			files = (
				0412A26518C1F13600C07FD0 /* InfoPlist.strings in Resources */,
			);
			runOnlyForDeploymentPostprocessing = 0;
		};
/* End PBXResourcesBuildPhase section */

/* Begin PBXSourcesBuildPhase section */
		0412A23A18C1F13500C07FD0 /* Sources */ = {
			isa = PBXSourcesBuildPhase;
			buildActionMask = 2147483647;
			files = (
				0412A28B18C1F1BC00C07FD0 /* AQGridViewAnimatorItem.m in Sources */,
				0412A2C118C2450F00C07FD0 /* MTDetailRecordViewController.m in Sources */,
				0412A28A18C1F1BC00C07FD0 /* AQGridView.m in Sources */,
				0412A28E18C1F1BC00C07FD0 /* AQGridViewData.m in Sources */,
				0412A28F18C1F1BC00C07FD0 /* AQGridViewUpdateInfo.m in Sources */,
				0412A29718C1F21100C07FD0 /* MTMainViewController.m in Sources */,
				0412A29118C1F1BC00C07FD0 /* NSIndexSet+AQIndexesOutsideSet.m in Sources */,
				0412A24E18C1F13500C07FD0 /* main.m in Sources */,
				0412A2A518C216AA00C07FD0 /* MTCircleView.m in Sources */,
				0412A29318C1F1BC00C07FD0 /* UIColor+AQGridView.m in Sources */,
				0412A2A818C2218300C07FD0 /* MTCell.m in Sources */,
				0412A29018C1F1BC00C07FD0 /* AQGridViewUpdateItem.m in Sources */,
				0412A29F18C2127E00C07FD0 /* MTAddViewController.m in Sources */,
				0412A29218C1F1BC00C07FD0 /* NSIndexSet+AQIsSetContiguous.m in Sources */,
				0412A28C18C1F1BC00C07FD0 /* AQGridViewCell.m in Sources */,
				0412A28D18C1F1BC00C07FD0 /* AQGridViewController.m in Sources */,
				0412A25218C1F13500C07FD0 /* MTAppDelegate.m in Sources */,
				0412A29B18C1F53900C07FD0 /* MTRecord.m in Sources */,
			);
			runOnlyForDeploymentPostprocessing = 0;
		};
		0412A25518C1F13600C07FD0 /* Sources */ = {
			isa = PBXSourcesBuildPhase;
			buildActionMask = 2147483647;
			files = (
				0412A26718C1F13600C07FD0 /* Mr__TrusterTests.m in Sources */,
			);
			runOnlyForDeploymentPostprocessing = 0;
		};
/* End PBXSourcesBuildPhase section */

/* Begin PBXTargetDependency section */
		0412A25F18C1F13600C07FD0 /* PBXTargetDependency */ = {
			isa = PBXTargetDependency;
			target = 0412A23D18C1F13500C07FD0 /* Mr. Truster */;
			targetProxy = 0412A25E18C1F13600C07FD0 /* PBXContainerItemProxy */;
		};
/* End PBXTargetDependency section */

/* Begin PBXVariantGroup section */
		0412A24A18C1F13500C07FD0 /* InfoPlist.strings */ = {
			isa = PBXVariantGroup;
			children = (
				0412A24B18C1F13500C07FD0 /* en */,
			);
			name = InfoPlist.strings;
			sourceTree = "<group>";
		};
		0412A26318C1F13600C07FD0 /* InfoPlist.strings */ = {
			isa = PBXVariantGroup;
			children = (
				0412A26418C1F13600C07FD0 /* en */,
			);
			name = InfoPlist.strings;
			sourceTree = "<group>";
		};
/* End PBXVariantGroup section */

/* Begin XCBuildConfiguration section */
		0412A26818C1F13600C07FD0 /* Debug */ = {
			isa = XCBuildConfiguration;
			buildSettings = {
				ALWAYS_SEARCH_USER_PATHS = NO;
				ARCHS = "$(ARCHS_STANDARD_INCLUDING_64_BIT)";
				CLANG_CXX_LANGUAGE_STANDARD = "gnu++0x";
				CLANG_CXX_LIBRARY = "libc++";
				CLANG_ENABLE_MODULES = YES;
				CLANG_ENABLE_OBJC_ARC = YES;
				CLANG_WARN_BOOL_CONVERSION = YES;
				CLANG_WARN_CONSTANT_CONVERSION = YES;
				CLANG_WARN_DIRECT_OBJC_ISA_USAGE = YES_ERROR;
				CLANG_WARN_EMPTY_BODY = YES;
				CLANG_WARN_ENUM_CONVERSION = YES;
				CLANG_WARN_INT_CONVERSION = YES;
				CLANG_WARN_OBJC_ROOT_CLASS = YES_ERROR;
				CLANG_WARN__DUPLICATE_METHOD_MATCH = YES;
				"CODE_SIGN_IDENTITY[sdk=iphoneos*]" = "iPhone Developer";
				COPY_PHASE_STRIP = NO;
				GCC_C_LANGUAGE_STANDARD = gnu99;
				GCC_DYNAMIC_NO_PIC = NO;
				GCC_OPTIMIZATION_LEVEL = 0;
				GCC_PREPROCESSOR_DEFINITIONS = (
					"DEBUG=1",
					"$(inherited)",
				);
				GCC_SYMBOLS_PRIVATE_EXTERN = NO;
				GCC_WARN_64_TO_32_BIT_CONVERSION = YES;
				GCC_WARN_ABOUT_RETURN_TYPE = YES_ERROR;
				GCC_WARN_UNDECLARED_SELECTOR = YES;
				GCC_WARN_UNINITIALIZED_AUTOS = YES;
				GCC_WARN_UNUSED_FUNCTION = YES;
				GCC_WARN_UNUSED_VARIABLE = YES;
				IPHONEOS_DEPLOYMENT_TARGET = 7.0;
				ONLY_ACTIVE_ARCH = YES;
				SDKROOT = iphoneos;
			};
			name = Debug;
		};
		0412A26918C1F13600C07FD0 /* Release */ = {
			isa = XCBuildConfiguration;
			buildSettings = {
				ALWAYS_SEARCH_USER_PATHS = NO;
				ARCHS = "$(ARCHS_STANDARD_INCLUDING_64_BIT)";
				CLANG_CXX_LANGUAGE_STANDARD = "gnu++0x";
				CLANG_CXX_LIBRARY = "libc++";
				CLANG_ENABLE_MODULES = YES;
				CLANG_ENABLE_OBJC_ARC = YES;
				CLANG_WARN_BOOL_CONVERSION = YES;
				CLANG_WARN_CONSTANT_CONVERSION = YES;
				CLANG_WARN_DIRECT_OBJC_ISA_USAGE = YES_ERROR;
				CLANG_WARN_EMPTY_BODY = YES;
				CLANG_WARN_ENUM_CONVERSION = YES;
				CLANG_WARN_INT_CONVERSION = YES;
				CLANG_WARN_OBJC_ROOT_CLASS = YES_ERROR;
				CLANG_WARN__DUPLICATE_METHOD_MATCH = YES;
				"CODE_SIGN_IDENTITY[sdk=iphoneos*]" = "iPhone Developer";
				COPY_PHASE_STRIP = YES;
				ENABLE_NS_ASSERTIONS = NO;
				GCC_C_LANGUAGE_STANDARD = gnu99;
				GCC_WARN_64_TO_32_BIT_CONVERSION = YES;
				GCC_WARN_ABOUT_RETURN_TYPE = YES_ERROR;
				GCC_WARN_UNDECLARED_SELECTOR = YES;
				GCC_WARN_UNINITIALIZED_AUTOS = YES;
				GCC_WARN_UNUSED_FUNCTION = YES;
				GCC_WARN_UNUSED_VARIABLE = YES;
				IPHONEOS_DEPLOYMENT_TARGET = 7.0;
				SDKROOT = iphoneos;
				VALIDATE_PRODUCT = YES;
			};
			name = Release;
		};
		0412A26B18C1F13600C07FD0 /* Debug */ = {
			isa = XCBuildConfiguration;
			buildSettings = {
				ASSETCATALOG_COMPILER_APPICON_NAME = AppIcon;
				ASSETCATALOG_COMPILER_LAUNCHIMAGE_NAME = LaunchImage;
				GCC_PRECOMPILE_PREFIX_HEADER = YES;
				GCC_PREFIX_HEADER = "Mr. Truster/Mr. Truster-Prefix.pch";
				INFOPLIST_FILE = "Mr. Truster/Mr. Truster-Info.plist";
				PRODUCT_NAME = "$(TARGET_NAME)";
				WRAPPER_EXTENSION = app;
			};
			name = Debug;
		};
		0412A26C18C1F13600C07FD0 /* Release */ = {
			isa = XCBuildConfiguration;
			buildSettings = {
				ASSETCATALOG_COMPILER_APPICON_NAME = AppIcon;
				ASSETCATALOG_COMPILER_LAUNCHIMAGE_NAME = LaunchImage;
				GCC_PRECOMPILE_PREFIX_HEADER = YES;
				GCC_PREFIX_HEADER = "Mr. Truster/Mr. Truster-Prefix.pch";
				INFOPLIST_FILE = "Mr. Truster/Mr. Truster-Info.plist";
				PRODUCT_NAME = "$(TARGET_NAME)";
				WRAPPER_EXTENSION = app;
			};
			name = Release;
		};
		0412A26E18C1F13600C07FD0 /* Debug */ = {
			isa = XCBuildConfiguration;
			buildSettings = {
				ARCHS = "$(ARCHS_STANDARD_INCLUDING_64_BIT)";
				BUNDLE_LOADER = "$(BUILT_PRODUCTS_DIR)/Mr. Truster.app/Mr. Truster";
				FRAMEWORK_SEARCH_PATHS = (
					"$(SDKROOT)/Developer/Library/Frameworks",
					"$(inherited)",
					"$(DEVELOPER_FRAMEWORKS_DIR)",
				);
				GCC_PRECOMPILE_PREFIX_HEADER = YES;
				GCC_PREFIX_HEADER = "Mr. Truster/Mr. Truster-Prefix.pch";
				GCC_PREPROCESSOR_DEFINITIONS = (
					"DEBUG=1",
					"$(inherited)",
				);
				INFOPLIST_FILE = "Mr. TrusterTests/Mr. TrusterTests-Info.plist";
				PRODUCT_NAME = "$(TARGET_NAME)";
				TEST_HOST = "$(BUNDLE_LOADER)";
				WRAPPER_EXTENSION = xctest;
			};
			name = Debug;
		};
		0412A26F18C1F13600C07FD0 /* Release */ = {
			isa = XCBuildConfiguration;
			buildSettings = {
				ARCHS = "$(ARCHS_STANDARD_INCLUDING_64_BIT)";
				BUNDLE_LOADER = "$(BUILT_PRODUCTS_DIR)/Mr. Truster.app/Mr. Truster";
				FRAMEWORK_SEARCH_PATHS = (
					"$(SDKROOT)/Developer/Library/Frameworks",
					"$(inherited)",
					"$(DEVELOPER_FRAMEWORKS_DIR)",
				);
				GCC_PRECOMPILE_PREFIX_HEADER = YES;
				GCC_PREFIX_HEADER = "Mr. Truster/Mr. Truster-Prefix.pch";
				INFOPLIST_FILE = "Mr. TrusterTests/Mr. TrusterTests-Info.plist";
				PRODUCT_NAME = "$(TARGET_NAME)";
				TEST_HOST = "$(BUNDLE_LOADER)";
				WRAPPER_EXTENSION = xctest;
			};
			name = Release;
		};
/* End XCBuildConfiguration section */

/* Begin XCConfigurationList section */
		0412A23918C1F13500C07FD0 /* Build configuration list for PBXProject "Mr. Truster" */ = {
			isa = XCConfigurationList;
			buildConfigurations = (
				0412A26818C1F13600C07FD0 /* Debug */,
				0412A26918C1F13600C07FD0 /* Release */,
			);
			defaultConfigurationIsVisible = 0;
			defaultConfigurationName = Release;
		};
		0412A26A18C1F13600C07FD0 /* Build configuration list for PBXNativeTarget "Mr. Truster" */ = {
			isa = XCConfigurationList;
			buildConfigurations = (
				0412A26B18C1F13600C07FD0 /* Debug */,
				0412A26C18C1F13600C07FD0 /* Release */,
			);
			defaultConfigurationIsVisible = 0;
			defaultConfigurationName = Release;
		};
		0412A26D18C1F13600C07FD0 /* Build configuration list for PBXNativeTarget "Mr. TrusterTests" */ = {
			isa = XCConfigurationList;
			buildConfigurations = (
				0412A26E18C1F13600C07FD0 /* Debug */,
				0412A26F18C1F13600C07FD0 /* Release */,
			);
			defaultConfigurationIsVisible = 0;
			defaultConfigurationName = Release;
		};
/* End XCConfigurationList section */
	};
	rootObject = 0412A23618C1F13500C07FD0 /* Project object */;
}
